# THIS IS AN AUTOGENERATED FILE. DO NOT EDIT THIS FILE DIRECTLY.
# yarn lockfile v1


"@fortawesome/fontawesome-free@^5.7.2":
  version "5.8.2"
  resolved "https://registry.yarnpkg.com/@fortawesome/fontawesome-free/-/fontawesome-free-5.8.2.tgz#fae4112c4fb47086f6ae167e32524b280000abd5"
  integrity sha512-E4fDUF4fbu9AxKpaQQqCN3XBnNzb/5e0Gvd9OaQsYkK574LVI57v/EqqPfIm/mC7jYbxaPNrhvT5AF+Yzwyizg==

almond@~0.3.1:
  version "0.3.3"
  resolved "https://registry.yarnpkg.com/almond/-/almond-0.3.3.tgz#a0e7c95ac7624d6417b4494b1e68bff693168a20"
  integrity sha1-oOfJWsdiTWQXtElLHmi/9pMWiiA=

bootstrap-colorpicker@^3.0.3:
  version "3.1.2"
  resolved "https://registry.yarnpkg.com/bootstrap-colorpicker/-/bootstrap-colorpicker-3.1.2.tgz#42737d7fb3f52b42ad9e33ac97f021252307dfae"
  integrity sha512-yUWegXox8GYoXVtYdrEIN3QMOeEFbcSFGDadZu2pWmmMgTaw4ECX9T8GvYQzJkRusvK9uzi39FjE0W2k8lQECA==
  dependencies:
    bootstrap ">=4.0"
    jquery ">=2.1.0"

bootstrap-daterangepicker@^3.0.3:
  version "3.0.5"
  resolved "https://registry.yarnpkg.com/bootstrap-daterangepicker/-/bootstrap-daterangepicker-3.0.5.tgz#dc10db6b4854cc63ebb5b17dac55edd7318dcbad"
  integrity sha512-WdTNB5ZKCpqZltcRkzeE6Xmwp/b8yPnuwsHfqP5mGP2VIV/kzd/6VuTIKEjuskDcsLAYW38LXGjcSm2TBNRdTw==
  dependencies:
    jquery ">=1.10"
    moment "^2.9.0"

bootstrap-social@^5.1.1:
  version "5.1.1"
  resolved "https://registry.yarnpkg.com/bootstrap-social/-/bootstrap-social-5.1.1.tgz#7530c678adf56cf8fad3fa82c29d4d3e5d027501"
  integrity sha1-dTDGeK31bPj60/qCwp1NPl0CdQE=
  dependencies:
    bootstrap "~3"
    font-awesome "~4.7"

bootstrap-tagsinput@^0.7.1:
  version "0.7.1"
  resolved "https://registry.yarnpkg.com/bootstrap-tagsinput/-/bootstrap-tagsinput-0.7.1.tgz#ffe3b06bbe2a106945ef2814568005a94f211937"
  integrity sha1-/+Owa74qEGlF7ygUVoAFqU8hGTc=

bootstrap-timepicker@^0.5.2:
  version "0.5.2"
  resolved "https://registry.yarnpkg.com/bootstrap-timepicker/-/bootstrap-timepicker-0.5.2.tgz#10ed9f2a2f0b8ccaefcde0fcf6a0738b919a3835"
  integrity sha1-EO2fKi8LjMrvzeD89qBzi5GaODU=

bootstrap@>=4.0, bootstrap@^4.2.1:
  version "4.3.1"
  resolved "https://registry.yarnpkg.com/bootstrap/-/bootstrap-4.3.1.tgz#280ca8f610504d99d7b6b4bfc4b68cec601704ac"
  integrity sha512-rXqOmH1VilAt2DyPzluTi2blhk17bO7ef+zLLPlWvG494pDxcM234pJ8wTc/6R40UWizAIIMgxjvxZg5kmsbag==

bootstrap@~3:
  version "3.4.1"
  resolved "https://registry.yarnpkg.com/bootstrap/-/bootstrap-3.4.1.tgz#c3a347d419e289ad11f4033e3c4132b87c081d72"
  integrity sha512-yN5oZVmRCwe5aKwzRj6736nSmKDX7pLYwsXiCj/EYmo16hODaBiT4En5btW/jhBF/seV+XMx3aYwukYC3A49DA==

chart.js@^2.7.3:
  version "2.8.0"
  resolved "https://registry.yarnpkg.com/chart.js/-/chart.js-2.8.0.tgz#b703b10d0f4ec5079eaefdcd6ca32dc8f826e0e9"
  integrity sha512-Di3wUL4BFvqI5FB5K26aQ+hvWh8wnP9A3DWGvXHVkO13D3DSnaSsdZx29cXlEsYKVkn1E2az+ZYFS4t0zi8x0w==
  dependencies:
    chartjs-color "^2.1.0"
    moment "^2.10.2"

chartjs-color-string@^0.6.0:
  version "0.6.0"
  resolved "https://registry.yarnpkg.com/chartjs-color-string/-/chartjs-color-string-0.6.0.tgz#1df096621c0e70720a64f4135ea171d051402f71"
  integrity sha512-TIB5OKn1hPJvO7JcteW4WY/63v6KwEdt6udfnDE9iCAZgy+V4SrbSxoIbTw/xkUIapjEI4ExGtD0+6D3KyFd7A==
  dependencies:
    color-name "^1.0.0"

chartjs-color@^2.1.0:
  version "2.3.0"
  resolved "https://registry.yarnpkg.com/chartjs-color/-/chartjs-color-2.3.0.tgz#0e7e1e8dba37eae8415fd3db38bf572007dd958f"
  integrity sha512-hEvVheqczsoHD+fZ+tfPUE+1+RbV6b+eksp2LwAhwRTVXEjCSEavvk+Hg3H6SZfGlPh/UfmWKGIvZbtobOEm3g==
  dependencies:
    chartjs-color-string "^0.6.0"
    color-convert "^0.5.3"

chocolat@^0.4.21:
  version "0.4.21"
  resolved "https://registry.yarnpkg.com/chocolat/-/chocolat-0.4.21.tgz#16f5a2e0fa60aa7f07234b4e36696d4e7a52a4a1"
  integrity sha512-KvaGUM4FAYsk+8Mfwrzw90zwP9Dfb4t9grwwDb17hqVxT+Z+T6hpAD8xkGkIwn9xxwiQdOpl0G6jn04O+UZwnA==
  dependencies:
    jquery "^3.0"

cleave.js@^1.4.7:
  version "1.4.10"
  resolved "https://registry.yarnpkg.com/cleave.js/-/cleave.js-1.4.10.tgz#40505827f07c148be6822522504901fca278a445"
  integrity sha512-7AWnh+6pgQbbRT+e7WnK/yc+U50zhtQZklvEcKDiFDpfcu3kb300BdV7FMYtGOIsAzD5TKy7KH38ZwgyWyFE2Q==

clipboard@^2.0.0:
  version "2.0.4"
  resolved "https://registry.yarnpkg.com/clipboard/-/clipboard-2.0.4.tgz#836dafd66cf0fea5d71ce5d5b0bf6e958009112d"
  integrity sha512-Vw26VSLRpJfBofiVaFb/I8PVfdI1OxKcYShe6fm0sP/DtmiWQNCjhM/okTvdCo0G+lMMm1rMYbk4IK4x1X+kgQ==
  dependencies:
    good-listener "^1.2.2"
    select "^1.1.2"
    tiny-emitter "^2.0.0"

codemirror@^5.43.0:
  version "5.46.0"
  resolved "https://registry.yarnpkg.com/codemirror/-/codemirror-5.46.0.tgz#be3591572f88911e0105a007c324856a9ece0fb7"
  integrity sha512-3QpMge0vg4QEhHW3hBAtCipJEWjTJrqLLXdIaWptJOblf1vHFeXLNtFhPai/uX2lnFCehWNk4yOdaMR853Z02w==

color-convert@^0.5.3:
  version "0.5.3"
  resolved "https://registry.yarnpkg.com/color-convert/-/color-convert-0.5.3.tgz#bdb6c69ce660fadffe0b0007cc447e1b9f7282bd"
  integrity sha1-vbbGnOZg+t/+CwAHzER+G59ygr0=

color-name@^1.0.0:
  version "1.1.4"
  resolved "https://registry.yarnpkg.com/color-name/-/color-name-1.1.4.tgz#c2a09a87acbde69543de6f63fa3995c826c536a2"
  integrity sha512-dOy+3AuW3a2wNbZHIuMZpTcgjGuLU/uBL/ubcZF9OXbDo8ff4O8yVp5Bf0efS8uEoYo5q4Fx7dY9OgQGXgAsQA==

datatables.net-bs4@^1.10.15:
  version "1.10.19"
  resolved "https://registry.yarnpkg.com/datatables.net-bs4/-/datatables.net-bs4-1.10.19.tgz#0608dff22008cf3c7b8a68b1bc702ed255b404fb"
  integrity sha512-pgeP17w4aPR7HIxIwuJghfqXULjdg1K6xMUUKDyCERJRSNNK4MRToFfELtIsluLNN555YBK4Kx8nihX5/ZT1Fw==
  dependencies:
    datatables.net "1.10.19"
    jquery ">=1.7"

datatables.net-responsive-bs4@^2.2.3:
  version "2.2.3"
  resolved "https://registry.yarnpkg.com/datatables.net-responsive-bs4/-/datatables.net-responsive-bs4-2.2.3.tgz#639de17c1d31210ebf2b3c25f1c774c13f729e94"
  integrity sha512-SQaWI0uLuPcaiBBin9zX+MuQfTSIkK1bYxbXqUV6NLkHCVa6PMQK7Rvftj0ywG4R7uOtjbzY8nSVqxEKvQI0Vg==
  dependencies:
    datatables.net-bs4 "^1.10.15"
    datatables.net-responsive "2.2.3"
    jquery ">=1.7"

datatables.net-responsive@2.2.3:
  version "2.2.3"
  resolved "https://registry.yarnpkg.com/datatables.net-responsive/-/datatables.net-responsive-2.2.3.tgz#50a2b1b4955b16b32f573a3f00f473b0bfbee913"
  integrity sha512-8D6VtZcyuH3FG0Hn5A4LPZQEOX3+HrRFM7HjpmsQc/nQDBbdeBLkJX4Sh/o1nzFTSneuT1Wh/lYZHVPpjcN+Sw==
  dependencies:
    datatables.net "^1.10.15"
    jquery ">=1.7"

datatables.net-select-bs4@^1.2.7:
  version "1.3.0"
  resolved "https://registry.yarnpkg.com/datatables.net-select-bs4/-/datatables.net-select-bs4-1.3.0.tgz#f2a977fb5631cdeaa322f10c2968796cbabdeeb2"
  integrity sha512-lV+CiiBn4sIILsveSJ+Q4PohpUJ5HrmmoENqV3YqPU5X/GBIFutMVDQzJobgnjbLka83J99tiKvuva2a1XQBrQ==
  dependencies:
    datatables.net-bs4 "^1.10.15"
    datatables.net-select "1.3.0"
    jquery ">=1.7"

datatables.net-select@1.3.0:
  version "1.3.0"
  resolved "https://registry.yarnpkg.com/datatables.net-select/-/datatables.net-select-1.3.0.tgz#0815efa54f09eed744af80fe6a19e236070e8cda"
  integrity sha512-sj72BM+Sx2n9mTHQjPiGMrGUoAVA1PCGmD+vEuAedhlDX1PAHcnqsOnG37eWrpqIsOQR/ZcSuE8IkU7gmiQkew==
  dependencies:
    datatables.net "^1.10.15"
    jquery ">=1.7"

datatables.net@1.10.19, datatables.net@^1.10.15:
  version "1.10.19"
  resolved "https://registry.yarnpkg.com/datatables.net/-/datatables.net-1.10.19.tgz#97a1ed41c85e62d61040603481b59790a172dd1f"
  integrity sha512-+ljXcI6Pj3PTGy5pesp3E5Dr3x3AV45EZe0o1r0gKENN2gafBKXodVnk2ypKwl2tTmivjxbkiqoWnipTefyBTA==
  dependencies:
    jquery ">=1.7"

datatables@^1.10.18:
  version "1.10.18"
  resolved "https://registry.yarnpkg.com/datatables/-/datatables-1.10.18.tgz#fee16e82aa70b17c5faf1a6954ac68f404f33a70"
  integrity sha512-ntatMgS9NN6UMpwbmO+QkYJuKlVeMA2Mi0Gu/QxyIh+dW7ZjLSDhPT2tWlzjpIWEkDYgieDzS9Nu7bdQCW0sbQ==
  dependencies:
    jquery ">=1.7"

delegate@^3.1.2:
  version "3.2.0"
  resolved "https://registry.yarnpkg.com/delegate/-/delegate-3.2.0.tgz#b66b71c3158522e8ab5744f720d8ca0c2af59166"
  integrity sha512-IofjkYBZaZivn0V8nnsMJGBr4jVLxHDheKSW88PyxS5QC4Vo9ZbZVvhzlSxY87fVq3STR6r+4cGepyHkcWOQSw==

dropzone@^5.5.1:
  version "5.5.1"
  resolved "https://registry.yarnpkg.com/dropzone/-/dropzone-5.5.1.tgz#06e2f513e61d6aa363d4b556f18574f47cf7ba26"
  integrity sha512-3VduRWLxx9hbVr42QieQN25mx/I61/mRdUSuxAmDGdDqZIN8qtP7tcKMa3KfpJjuGjOJGYYUzzeq6eGDnkzesA==

es6-object-assign@^1.1.0:
  version "1.1.0"
  resolved "https://registry.yarnpkg.com/es6-object-assign/-/es6-object-assign-1.1.0.tgz#c2c3582656247c39ea107cb1e6652b6f9f24523c"
  integrity sha1-wsNYJlYkfDnqEHyx5mUrb58kUjw=

flag-icon-css@^3.2.1:
  version "3.3.0"
  resolved "https://registry.yarnpkg.com/flag-icon-css/-/flag-icon-css-3.3.0.tgz#7772461e4480d3d86da5962f02120a2825688433"
  integrity sha512-u5lCGVExrJJRykNGd//ZrBU5Bkt0LTZJFSuG+Az/pwcHgzDeFwomwFbsgVtI1aJd6ysyHsx+5UGrA+nhSGd4yw==

font-awesome@~4.7:
  version "4.7.0"
  resolved "https://registry.yarnpkg.com/font-awesome/-/font-awesome-4.7.0.tgz#8fa8cf0411a1a31afd07b06d2902bb9fc815a133"
  integrity sha1-j6jPBBGhoxr9B7BtKQK7n8gVoTM=

from@^0.1.7:
  version "0.1.7"
  resolved "https://registry.yarnpkg.com/from/-/from-0.1.7.tgz#83c60afc58b9c56997007ed1a768b3ab303a44fe"
  integrity sha1-g8YK/Fi5xWmXAH7Rp2izqzA6RP4=

fullcalendar@^3.10.0:
  version "3.10.0"
  resolved "https://registry.yarnpkg.com/fullcalendar/-/fullcalendar-3.10.0.tgz#cc5e87d518fd6550e142816a31dd191664847919"
  integrity sha512-0OtsHhmdYhtFmQwXzyo8VqHzYgamg+zVOoytv5N13gI+iF6CGjevpCi/yBaQs0O4wY3OAp8I688IxdNYe0iAvw==

gmaps@^0.4.24:
  version "0.4.24"
  resolved "https://registry.yarnpkg.com/gmaps/-/gmaps-0.4.24.tgz#07f22f0cfc3e4e32498950ffafd7ca635ffc100c"
  integrity sha1-B/IvDPw+TjJJiVD/r9fKY1/8EAw=

good-listener@^1.2.2:
  version "1.2.2"
  resolved "https://registry.yarnpkg.com/good-listener/-/good-listener-1.2.2.tgz#d53b30cdf9313dffb7dc9a0d477096aa6d145c50"
  integrity sha1-1TswzfkxPf+33JoNR3CWqm0UXFA=
  dependencies:
    delegate "^3.1.2"

ionicons201@1.0.0:
  version "1.0.0"
  resolved "https://registry.yarnpkg.com/ionicons201/-/ionicons201-1.0.0.tgz#5ce2aa950e907957c7306ca113115a24129d5260"
  integrity sha1-XOKqlQ6QeVfHMGyhExFaJBKdUmA=

izitoast@^1.4.0:
  version "1.4.0"
  resolved "https://registry.yarnpkg.com/izitoast/-/izitoast-1.4.0.tgz#1aa4e3408b7159fba743506af66d8be54fd929fb"
  integrity sha512-Oc1X2wiQtPp39i5VpIjf3GJf5sfCtHKXZ5szx7RareyEeFLUlcEW0FSfBni28+Ul6KNKZRKzhVuWzSP4Xngh0w==

jquery-mousewheel@~3.1.13:
  version "3.1.13"
  resolved "https://registry.yarnpkg.com/jquery-mousewheel/-/jquery-mousewheel-3.1.13.tgz#06f0335f16e353a695e7206bf50503cb523a6ee5"
  integrity sha1-BvAzXxbjU6aV5yBr9QUDy1I6buU=

"jquery-pwstrength@https://github.com/matoilic/jquery.pwstrength":
  version "0.0.0"
  resolved "https://github.com/matoilic/jquery.pwstrength#d6f07a13eba1479f481d0beceb612f439db406ae"

jquery-sparkline@^2.4.0:
  version "2.4.0"
  resolved "https://registry.yarnpkg.com/jquery-sparkline/-/jquery-sparkline-2.4.0.tgz#1be8b7b704dd3857152708aefb1d4a4b3a69fb33"
  integrity sha1-G+i3twTdOFcVJwiu+x1KSzpp+zM=

jquery-ui-dist@^1.12.1:
  version "1.12.1"
  resolved "https://registry.yarnpkg.com/jquery-ui-dist/-/jquery-ui-dist-1.12.1.tgz#5c0815d3cc6f90ff5faaf5b268a6e23b4ca904fa"
  integrity sha1-XAgV08xvkP9fqvWyaKbiO0ypBPo=

jquery.nicescroll@^3.7.6:
  version "3.7.6"
  resolved "https://registry.yarnpkg.com/jquery.nicescroll/-/jquery.nicescroll-3.7.6.tgz#afeff3e80658dabe4f78d2d2e84250060fea0852"
  integrity sha1-r+/z6AZY2r5PeNLS6EJQBg/qCFI=
  dependencies:
    jquery ">=1.8.3"

jquery@>=1.10, jquery@>=1.7, jquery@>=1.8.3, jquery@>=2.1.0, jquery@^3.0, jquery@^3.1.1, jquery@^3.3.1:
  version "3.4.1"
  resolved "https://registry.yarnpkg.com/jquery/-/jquery-3.4.1.tgz#714f1f8d9dde4bdfa55764ba37ef214630d80ef2"
  integrity sha512-36+AdBzCL+y6qjw5Tx7HgzeGCzC81MDDgaUP8ld2zhx58HdqXGoBd+tHdrBMiyjGQs0Hxs/MLZTu/eHNJJuWPw==

jquery@~1.11.3:
  version "1.11.3"
  resolved "https://registry.yarnpkg.com/jquery/-/jquery-1.11.3.tgz#dd8b74278b27102d29df63eae28308a8cfa1b583"
  integrity sha1-3Yt0J4snEC0p32Pq4oMIqM+htYM=

"jquery_upload_preview@https://github.com/opoloo/jquery_upload_preview":
  version "0.0.0"
  resolved "https://github.com/opoloo/jquery_upload_preview#cc17f1d52beb6c718a16e9a3afdff63ec175c398"

"jqvmap@https://github.com/10bestdesign/jqvmap":
  version "1.5.1"
  resolved "https://github.com/10bestdesign/jqvmap#fb317235bdbc1c863ff877eb0cd31f2176bca11c"
  dependencies:
    jquery "~1.11.3"

moment@^2.10.2, moment@^2.24.0, moment@^2.9.0:
  version "2.24.0"
  resolved "https://registry.yarnpkg.com/moment/-/moment-2.24.0.tgz#0d055d53f5052aa653c9f6eb68bb5d12bf5c2b5b"
  integrity sha512-bV7f+6l2QigeBBZSM/6yTNq4P2fNpSWj/0e7jQcy87A8e7o2nAfP/34/2ky5Vw4B9S446EtIhodAzkFCcR4dQg==

nicescroll@^3.7.4:
  version "3.7.4"
  resolved "https://registry.yarnpkg.com/nicescroll/-/nicescroll-3.7.4.tgz#8cfd3b58fb95e7c5cb279e2208fc10ea90e35a18"
  integrity sha1-jP07WPuV58XLJ54iCPwQ6pDjWhg=
  dependencies:
    jquery ">=1.8.3"

owl.carousel@^2.3.4:
  version "2.3.4"
  resolved "https://registry.yarnpkg.com/owl.carousel/-/owl.carousel-2.3.4.tgz#6c53dc8d24304b790e4f27a1dc4a655e973ccdc9"
  integrity sha512-JaDss9+feAvEW8KZppPSpllfposEzQiW+Ytt/Xm5t/3CTJ7YVmkh6RkWixoA2yXk2boIwedYxOvrrppIGzru9A==
  dependencies:
    jquery ">=1.8.3"

perfect-scrollbar@^1.4.0:
  version "1.4.0"
  resolved "https://registry.yarnpkg.com/perfect-scrollbar/-/perfect-scrollbar-1.4.0.tgz#5d014ef9775e1f43058a1dbae9ed1daf0e7091f1"
  integrity sha512-/2Sk/khljhdrsamjJYS5NjrH+GKEHEwh7zFSiYyxROyYKagkE4kSn2zDQDRTOMo8mpT2jikxx6yI1dG7lNP/hw==

popper.js@^1.0.2, popper.js@^1.14.7:
  version "1.15.0"
  resolved "https://registry.yarnpkg.com/popper.js/-/popper.js-1.15.0.tgz#5560b99bbad7647e9faa475c6b8056621f5a4ff2"
  integrity sha512-w010cY1oCUmI+9KwwlWki+r5jxKfTFDVoadl7MSrIujHU5MJ5OR6HTDj6Xo8aoR/QsA56x8jKjA59qGH4ELtrA==

prismjs@^1.15.0:
  version "1.16.0"
  resolved "https://registry.yarnpkg.com/prismjs/-/prismjs-1.16.0.tgz#406eb2c8aacb0f5f0f1167930cb83835d10a4308"
  integrity sha512-OA4MKxjFZHSvZcisLGe14THYsug/nF6O1f0pAJc0KN0wTyAcLqmsbE+lTGKSpyh+9pEW57+k6pg2AfYR+coyHA==
  optionalDependencies:
    clipboard "^2.0.0"

promise-polyfill@^6.0.2:
  version "6.1.0"
  resolved "https://registry.yarnpkg.com/promise-polyfill/-/promise-polyfill-6.1.0.tgz#dfa96943ea9c121fca4de9b5868cb39d3472e057"
  integrity sha1-36lpQ+qcEh/KTem1hoyznTRy4Fc=

select2@^4.0.6-rc.1:
  version "4.0.6"
  resolved "https://registry.yarnpkg.com/select2/-/select2-4.0.6.tgz#88697c96e08b65a5963c2806c1d5eefbceec0a7e"
  integrity sha512-P5NqUcH+FFBwHAbC2mEWMDS446YdIGvXRM9tSGFLuNIFRP/ng0IOtjJ4zkzVyCl43RM/NyXJa6SAPT9MGg634A==
  dependencies:
    almond "~0.3.1"
    jquery-mousewheel "~3.1.13"

select@^1.1.2:
  version "1.1.2"
  resolved "https://registry.yarnpkg.com/select/-/select-1.1.2.tgz#0e7350acdec80b1108528786ec1d4418d11b396d"
  integrity sha1-DnNQrN7ICxEIUoeG7B1EGNEbOW0=

selectric@^1.13.0:
  version "1.13.0"
  resolved "https://registry.yarnpkg.com/selectric/-/selectric-1.13.0.tgz#7ce8a750078bb6d1c44347216cae5610e2440985"
  integrity sha512-kb1iOLBTvg0EiVieJjXlFj07RTKoom0a3/SedWD1tuQ47N2S9l4gvkhTvGhhhhdh/zCgkbZ44/GiczT8dWfAGA==
  dependencies:
    jquery "^3.1.1"

simpleweather@^3.1.0:
  version "3.1.0"
  resolved "https://registry.yarnpkg.com/simpleweather/-/simpleweather-3.1.0.tgz#d2a11d22cc2a33abd2d1f7f9227ba80b9c92d944"
  integrity sha1-0qEdIswqM6vS0ff5InuoC5yS2UQ=

sticky-kit@^1.1.3:
  version "1.1.3"
  resolved "https://registry.yarnpkg.com/sticky-kit/-/sticky-kit-1.1.3.tgz#dab5ace49b462cf6d4969b1d58e639fc01377570"
  integrity sha1-2rWs5JtGLPbUlpsdWOY5/AE3dXA=

summernote@^0.8.11:
  version "0.8.11"
  resolved "https://registry.yarnpkg.com/summernote/-/summernote-0.8.11.tgz#89bb3472e75758359dbf1d7125cf1889c429f197"
  integrity sha512-j+YbSK2ox1RZGeD5E/+6k57bvqhQLxiaazSj9zHBXOJnCuc0LZPSIGwyTlMaAGWpo6FlkXfjGS93hEDkV3zVJw==

sweetalert@^2.1.2:
  version "2.1.2"
  resolved "https://registry.yarnpkg.com/sweetalert/-/sweetalert-2.1.2.tgz#010baaa80d0dbdc86f96bfcaa96b490728594b79"
  integrity sha512-iWx7X4anRBNDa/a+AdTmvAzQtkN1+s4j/JJRWlHpYE8Qimkohs8/XnFcWeYHH2lMA8LRCa5tj2d244If3S/hzA==
  dependencies:
    es6-object-assign "^1.1.0"
    promise-polyfill "^6.0.2"

tiny-emitter@^2.0.0:
  version "2.1.0"
  resolved "https://registry.yarnpkg.com/tiny-emitter/-/tiny-emitter-2.1.0.tgz#1d1a56edfc51c43e863cbb5382a72330e3555423"
  integrity sha512-NB6Dk1A9xgQPMoGqC5CVXn123gWyte215ONT5Pp5a0yt4nlEoO1ZWeCwpncaekPHXO60i47ihFnZPiRPjRMq4Q==

tooltip.js@^1.3.1:
  version "1.3.2"
  resolved "https://registry.yarnpkg.com/tooltip.js/-/tooltip.js-1.3.2.tgz#ccfe450ffd7332ce5f254033778649526c1db542"
  integrity sha512-DeDr9JxYx/lSvQ53ZCRFLxXrmrSyU3fLz6k+ITUTw69AIYtpWij/NmOJQscJ7BwY5lcEwWJWSfqqQWVvTMYZiw==
  dependencies:
    popper.js "^1.0.2"

weathericons@^2.1.0:
  version "2.1.0"
  resolved "https://registry.yarnpkg.com/weathericons/-/weathericons-2.1.0.tgz#7453a1a35e200245e389fb5077d527eff30b73b4"
  integrity sha1-dFOho14gAkXjiftQd9Un7/MLc7Q=
